
Microsoft Visual Studio Solution File, Format Version 12.00
# Visual Studio 15
VisualStudioVersion = 15.0.28010.2050
MinimumVisualStudioVersion = 10.0.40219.1
Project("{9A19103F-16F7-4668-BE54-9A1E7A4F7556}") = "CapstoneIMS.Web", "CapstoneIMS\CapstoneIMS.Web.csproj", "{4FF9D167-5BAC-406A-BE10-92248CD30303}"
EndProject
Project("{9A19103F-16F7-4668-BE54-9A1E7A4F7556}") = "CapstoneIMS.Domain", "CapstoneIMS.Domain\CapstoneIMS.Domain.csproj", "{0F9A83B1-E56D-4452-A661-C40635ECC134}"
EndProject
Project("{9A19103F-16F7-4668-BE54-9A1E7A4F7556}") = "CapstoneIMS.Data", "CapstoneIMS.Data\CapstoneIMS.Data.csproj", "{AB1B1D31-2092-482D-BFE7-2006CACEFCCD}"
EndProject
Global
	GlobalSection(SolutionConfigurationPlatforms) = preSolution
		Debug|Any CPU = Debug|Any CPU
		Release|Any CPU = Release|Any CPU
	EndGlobalSection
	GlobalSection(ProjectConfigurationPlatforms) = postSolution
		{4FF9D167-5BAC-406A-BE10-92248CD30303}.Debug|Any CPU.ActiveCfg = Debug|Any CPU
		{4FF9D167-5BAC-406A-BE10-92248CD30303}.Debug|Any CPU.Build.0 = Debug|Any CPU
		{4FF9D167-5BAC-406A-BE10-92248CD30303}.Release|Any CPU.ActiveCfg = Release|Any CPU
		{4FF9D167-5BAC-406A-BE10-92248CD30303}.Release|Any CPU.Build.0 = Release|Any CPU
		{0F9A83B1-E56D-4452-A661-C40635ECC134}.Debug|Any CPU.ActiveCfg = Debug|Any CPU
		{0F9A83B1-E56D-4452-A661-C40635ECC134}.Debug|Any CPU.Build.0 = Debug|Any CPU
		{0F9A83B1-E56D-4452-A661-C40635ECC134}.Release|Any CPU.ActiveCfg = Release|Any CPU
		{0F9A83B1-E56D-4452-A661-C40635ECC134}.Release|Any CPU.Build.0 = Release|Any CPU
		{AB1B1D31-2092-482D-BFE7-2006CACEFCCD}.Debug|Any CPU.ActiveCfg = Debug|Any CPU
		{AB1B1D31-2092-482D-BFE7-2006CACEFCCD}.Debug|Any CPU.Build.0 = Debug|Any CPU
		{AB1B1D31-2092-482D-BFE7-2006CACEFCCD}.Release|Any CPU.ActiveCfg = Release|Any CPU
		{AB1B1D31-2092-482D-BFE7-2006CACEFCCD}.Release|Any CPU.Build.0 = Release|Any CPU
	EndGlobalSection
	GlobalSection(SolutionProperties) = preSolution
		HideSolutionNode = FALSE
	EndGlobalSection
	GlobalSection(ExtensibilityGlobals) = postSolution
		SolutionGuid = {D7C26EAE-5BE6-4356-AF8A-6753FADB134E}
	EndGlobalSection
EndGlobal
